// !$*UTF8*$!
{
	archiveVersion = 1;
	classes = {
	};
	objectVersion = 50;
	objects = {

/* Begin PBXBuildFile section */
		55CF779AC18D1CD882CC694F /* Pods_Equaleyes.framework in Frameworks */ = {isa = PBXBuildFile; fileRef = A908FF8D5E3F0B4AB4C7454A /* Pods_Equaleyes.framework */; };
		7B5C1D522264BD4D00AF5E3D /* AppDelegate.swift in Sources */ = {isa = PBXBuildFile; fileRef = 7B5C1D512264BD4D00AF5E3D /* AppDelegate.swift */; };
		7B5C1D572264BD4D00AF5E3D /* Main.storyboard in Resources */ = {isa = PBXBuildFile; fileRef = 7B5C1D552264BD4D00AF5E3D /* Main.storyboard */; };
		7B5C1D592264BD4F00AF5E3D /* Assets.xcassets in Resources */ = {isa = PBXBuildFile; fileRef = 7B5C1D582264BD4F00AF5E3D /* Assets.xcassets */; };
		7B5C1D5C2264BD4F00AF5E3D /* LaunchScreen.storyboard in Resources */ = {isa = PBXBuildFile; fileRef = 7B5C1D5A2264BD4F00AF5E3D /* LaunchScreen.storyboard */; };
		7B5C1D882264CF0200AF5E3D /* TeachersCollectionViewController.swift in Sources */ = {isa = PBXBuildFile; fileRef = 7B5C1D872264CF0100AF5E3D /* TeachersCollectionViewController.swift */; };
		7B5C1D8A2264E98700AF5E3D /* IBDesignables.swift in Sources */ = {isa = PBXBuildFile; fileRef = 7B5C1D892264E98700AF5E3D /* IBDesignables.swift */; };
		7B5C1D902265408000AF5E3D /* Services.swift in Sources */ = {isa = PBXBuildFile; fileRef = 7B5C1D8F2265408000AF5E3D /* Services.swift */; };
		7B5C1D922265411E00AF5E3D /* Structs.swift in Sources */ = {isa = PBXBuildFile; fileRef = 7B5C1D912265411E00AF5E3D /* Structs.swift */; };
		7B5C1D942265E48900AF5E3D /* Extensions.swift in Sources */ = {isa = PBXBuildFile; fileRef = 7B5C1D932265E48900AF5E3D /* Extensions.swift */; };
		7B5C1D962266053600AF5E3D /* DetailsViewController.swift in Sources */ = {isa = PBXBuildFile; fileRef = 7B5C1D952266053600AF5E3D /* DetailsViewController.swift */; };
		7B64ED5322694B9100CEE22D /* BaseCollectionViewCell.swift in Sources */ = {isa = PBXBuildFile; fileRef = 7B64ED5122694B9100CEE22D /* BaseCollectionViewCell.swift */; };
		7B64ED5422694B9100CEE22D /* BaseCollectionViewCell.swift in Sources */ = {isa = PBXBuildFile; fileRef = 7B64ED5122694B9100CEE22D /* BaseCollectionViewCell.swift */; };
		7B64ED5E22694C1800CEE22D /* BaseCollectionViewController.swift in Sources */ = {isa = PBXBuildFile; fileRef = 7B64ED5D22694C1800CEE22D /* BaseCollectionViewController.swift */; };
		7B64ED5F22694C1800CEE22D /* BaseCollectionViewController.swift in Sources */ = {isa = PBXBuildFile; fileRef = 7B64ED5D22694C1800CEE22D /* BaseCollectionViewController.swift */; };
		7B64ED6722694EAC00CEE22D /* TeacherCell.swift in Sources */ = {isa = PBXBuildFile; fileRef = 7B64ED6622694EAC00CEE22D /* TeacherCell.swift */; };
		7B64ED6822694EAC00CEE22D /* TeacherCell.swift in Sources */ = {isa = PBXBuildFile; fileRef = 7B64ED6622694EAC00CEE22D /* TeacherCell.swift */; };
		7B808E1C2267B78500E2E061 /* Classes.swift in Sources */ = {isa = PBXBuildFile; fileRef = 7B808E1B2267B78500E2E061 /* Classes.swift */; };
		7B808E1D2267E7E200E2E061 /* Classes.swift in Sources */ = {isa = PBXBuildFile; fileRef = 7B808E1B2267B78500E2E061 /* Classes.swift */; };
		7B8DBF972267314500E5302E /* Localizable.strings in Resources */ = {isa = PBXBuildFile; fileRef = 7B8DBF9A2267314500E5302E /* Localizable.strings */; };
		7B8DBF982267314500E5302E /* Localizable.strings in Resources */ = {isa = PBXBuildFile; fileRef = 7B8DBF9A2267314500E5302E /* Localizable.strings */; };
		7B8DBFA42267454600E5302E /* Tests.swift in Sources */ = {isa = PBXBuildFile; fileRef = 7B8DBFA32267454600E5302E /* Tests.swift */; };
		7BA71098226A811F004CB181 /* Fonts.swift in Sources */ = {isa = PBXBuildFile; fileRef = 7BA71097226A811E004CB181 /* Fonts.swift */; };
		7BB34683226A3B0200C9B814 /* StudentCell.swift in Sources */ = {isa = PBXBuildFile; fileRef = 7BB34682226A3B0200C9B814 /* StudentCell.swift */; };
		7BB34685226A3C5400C9B814 /* StudentsCollectionViewController.swift in Sources */ = {isa = PBXBuildFile; fileRef = 7BB34684226A3C5400C9B814 /* StudentsCollectionViewController.swift */; };
		7BB35A55226A8F9800CEA9D9 /* Fonts.swift in Sources */ = {isa = PBXBuildFile; fileRef = 7BA71097226A811E004CB181 /* Fonts.swift */; };
		7BB35A56226A8FA800CEA9D9 /* StudentCell.swift in Sources */ = {isa = PBXBuildFile; fileRef = 7BB34682226A3B0200C9B814 /* StudentCell.swift */; };
		7BB35A57226A8FAF00CEA9D9 /* StudentsCollectionViewController.swift in Sources */ = {isa = PBXBuildFile; fileRef = 7BB34684226A3C5400C9B814 /* StudentsCollectionViewController.swift */; };
		7BDCBB54226720F5009CA101 /* Structs.swift in Sources */ = {isa = PBXBuildFile; fileRef = 7B5C1D912265411E00AF5E3D /* Structs.swift */; };
		7BDCBB55226720F5009CA101 /* AppDelegate.swift in Sources */ = {isa = PBXBuildFile; fileRef = 7B5C1D512264BD4D00AF5E3D /* AppDelegate.swift */; };
		7BDCBB56226720F5009CA101 /* TeachersCollectionViewController.swift in Sources */ = {isa = PBXBuildFile; fileRef = 7B5C1D872264CF0100AF5E3D /* TeachersCollectionViewController.swift */; };
		7BDCBB57226720F5009CA101 /* DetailsViewController.swift in Sources */ = {isa = PBXBuildFile; fileRef = 7B5C1D952266053600AF5E3D /* DetailsViewController.swift */; };
		7BDCBB58226720F5009CA101 /* Extensions.swift in Sources */ = {isa = PBXBuildFile; fileRef = 7B5C1D932265E48900AF5E3D /* Extensions.swift */; };
		7BDCBB59226720F5009CA101 /* Services.swift in Sources */ = {isa = PBXBuildFile; fileRef = 7B5C1D8F2265408000AF5E3D /* Services.swift */; };
		7BDCBB5A226720F5009CA101 /* IBDesignables.swift in Sources */ = {isa = PBXBuildFile; fileRef = 7B5C1D892264E98700AF5E3D /* IBDesignables.swift */; };
		7BDCBB5D226720F5009CA101 /* Pods_Equaleyes.framework in Frameworks */ = {isa = PBXBuildFile; fileRef = A908FF8D5E3F0B4AB4C7454A /* Pods_Equaleyes.framework */; };
		7BDCBB5F226720F5009CA101 /* LaunchScreen.storyboard in Resources */ = {isa = PBXBuildFile; fileRef = 7B5C1D5A2264BD4F00AF5E3D /* LaunchScreen.storyboard */; };
		7BDCBB60226720F5009CA101 /* Assets.xcassets in Resources */ = {isa = PBXBuildFile; fileRef = 7B5C1D582264BD4F00AF5E3D /* Assets.xcassets */; };
		7BDCBB62226720F5009CA101 /* Main.storyboard in Resources */ = {isa = PBXBuildFile; fileRef = 7B5C1D552264BD4D00AF5E3D /* Main.storyboard */; };
		CA86914DA7663270661ADEF2 /* Pods_EqualeyesTests.framework in Frameworks */ = {isa = PBXBuildFile; fileRef = D37B7E3E0529845151FB27A7 /* Pods_EqualeyesTests.framework */; };
/* End PBXBuildFile section */

/* Begin PBXContainerItemProxy section */
		7B5C1D632264BD4F00AF5E3D /* PBXContainerItemProxy */ = {
			isa = PBXContainerItemProxy;
			containerPortal = 7B5C1D462264BD4D00AF5E3D /* Project object */;
			proxyType = 1;
			remoteGlobalIDString = 7B5C1D4D2264BD4D00AF5E3D;
			remoteInfo = Equaleyes;
		};
		7B8DBFA7226745F600E5302E /* PBXContainerItemProxy */ = {
			isa = PBXContainerItemProxy;
			containerPortal = 7B5C1D462264BD4D00AF5E3D /* Project object */;
			proxyType = 1;
			remoteGlobalIDString = 7BDCBB51226720F5009CA101;
			remoteInfo = "Equaleyes Dev";
		};
/* End PBXContainerItemProxy section */

/* Begin PBXFileReference section */
		20B8EE0745FE698FC370DF2E /* Pods-EqualeyesTests.release.xcconfig */ = {isa = PBXFileReference; includeInIndex = 1; lastKnownFileType = text.xcconfig; name = "Pods-EqualeyesTests.release.xcconfig"; path = "Target Support Files/Pods-EqualeyesTests/Pods-EqualeyesTests.release.xcconfig"; sourceTree = "<group>"; };
		334CFC37994F82C0BB7BCE2D /* Pods-EqualeyesTests.debug.xcconfig */ = {isa = PBXFileReference; includeInIndex = 1; lastKnownFileType = text.xcconfig; name = "Pods-EqualeyesTests.debug.xcconfig"; path = "Target Support Files/Pods-EqualeyesTests/Pods-EqualeyesTests.debug.xcconfig"; sourceTree = "<group>"; };
		4847D970F11CA70B3FF330B4 /* Pods-Equaleyes.release.xcconfig */ = {isa = PBXFileReference; includeInIndex = 1; lastKnownFileType = text.xcconfig; name = "Pods-Equaleyes.release.xcconfig"; path = "Target Support Files/Pods-Equaleyes/Pods-Equaleyes.release.xcconfig"; sourceTree = "<group>"; };
		7B5C1D4E2264BD4D00AF5E3D /* Equaleyes.app */ = {isa = PBXFileReference; explicitFileType = wrapper.application; includeInIndex = 0; path = Equaleyes.app; sourceTree = BUILT_PRODUCTS_DIR; };
		7B5C1D512264BD4D00AF5E3D /* AppDelegate.swift */ = {isa = PBXFileReference; lastKnownFileType = sourcecode.swift; path = AppDelegate.swift; sourceTree = "<group>"; };
		7B5C1D562264BD4D00AF5E3D /* Base */ = {isa = PBXFileReference; lastKnownFileType = file.storyboard; name = Base; path = Base.lproj/Main.storyboard; sourceTree = "<group>"; };
		7B5C1D582264BD4F00AF5E3D /* Assets.xcassets */ = {isa = PBXFileReference; lastKnownFileType = folder.assetcatalog; path = Assets.xcassets; sourceTree = "<group>"; };
		7B5C1D5B2264BD4F00AF5E3D /* Base */ = {isa = PBXFileReference; lastKnownFileType = file.storyboard; name = Base; path = Base.lproj/LaunchScreen.storyboard; sourceTree = "<group>"; };
		7B5C1D5D2264BD4F00AF5E3D /* Info.plist */ = {isa = PBXFileReference; lastKnownFileType = text.plist.xml; name = Info.plist; path = /Users/mamedoff/Desktop/Projects/Equaleyes/Equaleyes/Info.plist; sourceTree = "<absolute>"; };
		7B5C1D622264BD4F00AF5E3D /* EqualeyesTests.xctest */ = {isa = PBXFileReference; explicitFileType = wrapper.cfbundle; includeInIndex = 0; path = EqualeyesTests.xctest; sourceTree = BUILT_PRODUCTS_DIR; };
		7B5C1D682264BD4F00AF5E3D /* Info.plist */ = {isa = PBXFileReference; lastKnownFileType = text.plist.xml; path = Info.plist; sourceTree = "<group>"; };
		7B5C1D872264CF0100AF5E3D /* TeachersCollectionViewController.swift */ = {isa = PBXFileReference; lastKnownFileType = sourcecode.swift; path = TeachersCollectionViewController.swift; sourceTree = "<group>"; };
		7B5C1D892264E98700AF5E3D /* IBDesignables.swift */ = {isa = PBXFileReference; lastKnownFileType = sourcecode.swift; path = IBDesignables.swift; sourceTree = "<group>"; };
		7B5C1D8F2265408000AF5E3D /* Services.swift */ = {isa = PBXFileReference; lastKnownFileType = sourcecode.swift; path = Services.swift; sourceTree = "<group>"; };
		7B5C1D912265411E00AF5E3D /* Structs.swift */ = {isa = PBXFileReference; lastKnownFileType = sourcecode.swift; path = Structs.swift; sourceTree = "<group>"; };
		7B5C1D932265E48900AF5E3D /* Extensions.swift */ = {isa = PBXFileReference; lastKnownFileType = sourcecode.swift; path = Extensions.swift; sourceTree = "<group>"; };
		7B5C1D952266053600AF5E3D /* DetailsViewController.swift */ = {isa = PBXFileReference; lastKnownFileType = sourcecode.swift; path = DetailsViewController.swift; sourceTree = "<group>"; };
		7B64ED5122694B9100CEE22D /* BaseCollectionViewCell.swift */ = {isa = PBXFileReference; fileEncoding = 4; lastKnownFileType = sourcecode.swift; path = BaseCollectionViewCell.swift; sourceTree = "<group>"; };
		7B64ED5D22694C1800CEE22D /* BaseCollectionViewController.swift */ = {isa = PBXFileReference; lastKnownFileType = sourcecode.swift; path = BaseCollectionViewController.swift; sourceTree = "<group>"; };
		7B64ED6622694EAC00CEE22D /* TeacherCell.swift */ = {isa = PBXFileReference; lastKnownFileType = sourcecode.swift; path = TeacherCell.swift; sourceTree = "<group>"; };
		7B808E1B2267B78500E2E061 /* Classes.swift */ = {isa = PBXFileReference; lastKnownFileType = sourcecode.swift; path = Classes.swift; sourceTree = "<group>"; };
		7B8DBF902267309F00E5302E /* fr */ = {isa = PBXFileReference; lastKnownFileType = text.plist.strings; name = fr; path = fr.lproj/Main.strings; sourceTree = "<group>"; };
		7B8DBF93226730EA00E5302E /* en */ = {isa = PBXFileReference; lastKnownFileType = text.plist.strings; name = en; path = en.lproj/Main.strings; sourceTree = "<group>"; };
		7B8DBF992267314500E5302E /* en */ = {isa = PBXFileReference; lastKnownFileType = text.plist.strings; name = en; path = en.lproj/Localizable.strings; sourceTree = "<group>"; };
		7B8DBF9B2267314900E5302E /* fr */ = {isa = PBXFileReference; lastKnownFileType = text.plist.strings; name = fr; path = fr.lproj/Localizable.strings; sourceTree = "<group>"; };
		7B8DBFA32267454600E5302E /* Tests.swift */ = {isa = PBXFileReference; lastKnownFileType = sourcecode.swift; path = Tests.swift; sourceTree = "<group>"; };
		7BA71097226A811E004CB181 /* Fonts.swift */ = {isa = PBXFileReference; lastKnownFileType = sourcecode.swift; path = Fonts.swift; sourceTree = "<group>"; };
		7BB34682226A3B0200C9B814 /* StudentCell.swift */ = {isa = PBXFileReference; lastKnownFileType = sourcecode.swift; path = StudentCell.swift; sourceTree = "<group>"; };
		7BB34684226A3C5400C9B814 /* StudentsCollectionViewController.swift */ = {isa = PBXFileReference; lastKnownFileType = sourcecode.swift; path = StudentsCollectionViewController.swift; sourceTree = "<group>"; };
		7BDCBB67226720F5009CA101 /* Equaleyes Dev.app */ = {isa = PBXFileReference; explicitFileType = wrapper.application; includeInIndex = 0; path = "Equaleyes Dev.app"; sourceTree = BUILT_PRODUCTS_DIR; };
		7BDCBB68226720F5009CA101 /* Info-Dev.plist */ = {isa = PBXFileReference; lastKnownFileType = text.plist.xml; name = "Info-Dev.plist"; path = "/Users/mamedoff/Desktop/Projects/Equaleyes/Equaleyes/Info-Dev.plist"; sourceTree = "<absolute>"; };
		9B002290E443B8E054E20329 /* Pods-Equaleyes.debug.xcconfig */ = {isa = PBXFileReference; includeInIndex = 1; lastKnownFileType = text.xcconfig; name = "Pods-Equaleyes.debug.xcconfig"; path = "Target Support Files/Pods-Equaleyes/Pods-Equaleyes.debug.xcconfig"; sourceTree = "<group>"; };
		A908FF8D5E3F0B4AB4C7454A /* Pods_Equaleyes.framework */ = {isa = PBXFileReference; explicitFileType = wrapper.framework; includeInIndex = 0; path = Pods_Equaleyes.framework; sourceTree = BUILT_PRODUCTS_DIR; };
		D37B7E3E0529845151FB27A7 /* Pods_EqualeyesTests.framework */ = {isa = PBXFileReference; explicitFileType = wrapper.framework; includeInIndex = 0; path = Pods_EqualeyesTests.framework; sourceTree = BUILT_PRODUCTS_DIR; };
/* End PBXFileReference section */

/* Begin PBXFrameworksBuildPhase section */
		7B5C1D4B2264BD4D00AF5E3D /* Frameworks */ = {
			isa = PBXFrameworksBuildPhase;
			buildActionMask = 2147483647;
			files = (
				55CF779AC18D1CD882CC694F /* Pods_Equaleyes.framework in Frameworks */,
			);
			runOnlyForDeploymentPostprocessing = 0;
		};
		7B5C1D5F2264BD4F00AF5E3D /* Frameworks */ = {
			isa = PBXFrameworksBuildPhase;
			buildActionMask = 2147483647;
			files = (
				CA86914DA7663270661ADEF2 /* Pods_EqualeyesTests.framework in Frameworks */,
			);
			runOnlyForDeploymentPostprocessing = 0;
		};
		7BDCBB5C226720F5009CA101 /* Frameworks */ = {
			isa = PBXFrameworksBuildPhase;
			buildActionMask = 2147483647;
			files = (
				7BDCBB5D226720F5009CA101 /* Pods_Equaleyes.framework in Frameworks */,
			);
			runOnlyForDeploymentPostprocessing = 0;
		};
/* End PBXFrameworksBuildPhase section */

/* Begin PBXGroup section */
		7B5C1D452264BD4D00AF5E3D = {
			isa = PBXGroup;
			children = (
				7B5C1D502264BD4D00AF5E3D /* Equaleyes */,
				7B5C1D652264BD4F00AF5E3D /* EqualeyesTests */,
				7B5C1D4F2264BD4D00AF5E3D /* Products */,
				8AA1693E6E838A314464F4C8 /* Pods */,
				B17FD1DFFB76CC018EB194D2 /* Frameworks */,
			);
			sourceTree = "<group>";
		};
		7B5C1D4F2264BD4D00AF5E3D /* Products */ = {
			isa = PBXGroup;
			children = (
				7B5C1D4E2264BD4D00AF5E3D /* Equaleyes.app */,
				7B5C1D622264BD4F00AF5E3D /* EqualeyesTests.xctest */,
				7BDCBB67226720F5009CA101 /* Equaleyes Dev.app */,
			);
			name = Products;
			sourceTree = "<group>";
		};
		7B5C1D502264BD4D00AF5E3D /* Equaleyes */ = {
			isa = PBXGroup;
			children = (
				7B5C1D512264BD4D00AF5E3D /* AppDelegate.swift */,
				7BB34687226A5D5400C9B814 /* Controllers */,
				7BB34686226A5D1000C9B814 /* Cells */,
				7BB34688226A5D6700C9B814 /* Localization */,
				7B808E1A2267B70C00E2E061 /* Helpers */,
				7B5C1D552264BD4D00AF5E3D /* Main.storyboard */,
				7B5C1D5A2264BD4F00AF5E3D /* LaunchScreen.storyboard */,
				7BDCBB68226720F5009CA101 /* Info-Dev.plist */,
				7B5C1D5D2264BD4F00AF5E3D /* Info.plist */,
				7B5C1D582264BD4F00AF5E3D /* Assets.xcassets */,
			);
			path = Equaleyes;
			sourceTree = "<group>";
		};
		7B5C1D652264BD4F00AF5E3D /* EqualeyesTests */ = {
			isa = PBXGroup;
			children = (
				7B8DBFA32267454600E5302E /* Tests.swift */,
				7B5C1D682264BD4F00AF5E3D /* Info.plist */,
			);
			path = EqualeyesTests;
			sourceTree = "<group>";
		};
		7B808E1A2267B70C00E2E061 /* Helpers */ = {
			isa = PBXGroup;
			children = (
				7B5C1D892264E98700AF5E3D /* IBDesignables.swift */,
				7B5C1D8F2265408000AF5E3D /* Services.swift */,
				7B5C1D912265411E00AF5E3D /* Structs.swift */,
				7B5C1D932265E48900AF5E3D /* Extensions.swift */,
				7B808E1B2267B78500E2E061 /* Classes.swift */,
				7BA71097226A811E004CB181 /* Fonts.swift */,
			);
			path = Helpers;
			sourceTree = "<group>";
		};
		7BB34686226A5D1000C9B814 /* Cells */ = {
			isa = PBXGroup;
			children = (
				7B64ED5122694B9100CEE22D /* BaseCollectionViewCell.swift */,
				7B64ED6622694EAC00CEE22D /* TeacherCell.swift */,
				7BB34682226A3B0200C9B814 /* StudentCell.swift */,
			);
			path = Cells;
			sourceTree = "<group>";
		};
		7BB34687226A5D5400C9B814 /* Controllers */ = {
			isa = PBXGroup;
			children = (
				7B64ED5D22694C1800CEE22D /* BaseCollectionViewController.swift */,
				7B5C1D872264CF0100AF5E3D /* TeachersCollectionViewController.swift */,
				7BB34684226A3C5400C9B814 /* StudentsCollectionViewController.swift */,
				7B5C1D952266053600AF5E3D /* DetailsViewController.swift */,
			);
			path = Controllers;
			sourceTree = "<group>";
		};
		7BB34688226A5D6700C9B814 /* Localization */ = {
			isa = PBXGroup;
			children = (
				7B8DBF9A2267314500E5302E /* Localizable.strings */,
			);
			path = Localization;
			sourceTree = "<group>";
		};
		8AA1693E6E838A314464F4C8 /* Pods */ = {
			isa = PBXGroup;
			children = (
				9B002290E443B8E054E20329 /* Pods-Equaleyes.debug.xcconfig */,
				4847D970F11CA70B3FF330B4 /* Pods-Equaleyes.release.xcconfig */,
				334CFC37994F82C0BB7BCE2D /* Pods-EqualeyesTests.debug.xcconfig */,
				20B8EE0745FE698FC370DF2E /* Pods-EqualeyesTests.release.xcconfig */,
			);
			path = Pods;
			sourceTree = "<group>";
		};
		B17FD1DFFB76CC018EB194D2 /* Frameworks */ = {
			isa = PBXGroup;
			children = (
				A908FF8D5E3F0B4AB4C7454A /* Pods_Equaleyes.framework */,
				D37B7E3E0529845151FB27A7 /* Pods_EqualeyesTests.framework */,
			);
			name = Frameworks;
			sourceTree = "<group>";
		};
/* End PBXGroup section */

/* Begin PBXNativeTarget section */
		7B5C1D4D2264BD4D00AF5E3D /* Equaleyes */ = {
			isa = PBXNativeTarget;
			buildConfigurationList = 7B5C1D6B2264BD4F00AF5E3D /* Build configuration list for PBXNativeTarget "Equaleyes" */;
			buildPhases = (
				EF3F80B084C50B6EE7FDE63A /* [CP] Check Pods Manifest.lock */,
				7B5C1D4A2264BD4D00AF5E3D /* Sources */,
				7B5C1D4B2264BD4D00AF5E3D /* Frameworks */,
				7B5C1D4C2264BD4D00AF5E3D /* Resources */,
				A3DE1A8BC06E8B332FB52227 /* [CP] Embed Pods Frameworks */,
			);
			buildRules = (
			);
			dependencies = (
			);
			name = Equaleyes;
			productName = Equaleyes;
			productReference = 7B5C1D4E2264BD4D00AF5E3D /* Equaleyes.app */;
			productType = "com.apple.product-type.application";
		};
		7B5C1D612264BD4F00AF5E3D /* EqualeyesTests */ = {
			isa = PBXNativeTarget;
			buildConfigurationList = 7B5C1D6E2264BD4F00AF5E3D /* Build configuration list for PBXNativeTarget "EqualeyesTests" */;
			buildPhases = (
				F6B8E908E193F17572C64477 /* [CP] Check Pods Manifest.lock */,
				7B5C1D5E2264BD4F00AF5E3D /* Sources */,
				7B5C1D5F2264BD4F00AF5E3D /* Frameworks */,
				7B5C1D602264BD4F00AF5E3D /* Resources */,
			);
			buildRules = (
			);
			dependencies = (
				7B8DBFA8226745F600E5302E /* PBXTargetDependency */,
				7B5C1D642264BD4F00AF5E3D /* PBXTargetDependency */,
			);
			name = EqualeyesTests;
			productName = EqualeyesTests;
			productReference = 7B5C1D622264BD4F00AF5E3D /* EqualeyesTests.xctest */;
			productType = "com.apple.product-type.bundle.unit-test";
		};
		7BDCBB51226720F5009CA101 /* Equaleyes Dev */ = {
			isa = PBXNativeTarget;
			buildConfigurationList = 7BDCBB64226720F5009CA101 /* Build configuration list for PBXNativeTarget "Equaleyes Dev" */;
			buildPhases = (
				7BDCBB52226720F5009CA101 /* [CP] Check Pods Manifest.lock */,
				7BDCBB53226720F5009CA101 /* Sources */,
				7BDCBB5C226720F5009CA101 /* Frameworks */,
				7BDCBB5E226720F5009CA101 /* Resources */,
				7BDCBB63226720F5009CA101 /* [CP] Embed Pods Frameworks */,
			);
			buildRules = (
			);
			dependencies = (
			);
			name = "Equaleyes Dev";
			productName = Equaleyes;
			productReference = 7BDCBB67226720F5009CA101 /* Equaleyes Dev.app */;
			productType = "com.apple.product-type.application";
		};
/* End PBXNativeTarget section */

/* Begin PBXProject section */
		7B5C1D462264BD4D00AF5E3D /* Project object */ = {
			isa = PBXProject;
			attributes = {
				LastSwiftUpdateCheck = 1020;
				LastUpgradeCheck = 1020;
				ORGANIZATIONNAME = "Kenan Mamedoff";
				TargetAttributes = {
					7B5C1D4D2264BD4D00AF5E3D = {
						CreatedOnToolsVersion = 10.2;
					};
					7B5C1D612264BD4F00AF5E3D = {
						CreatedOnToolsVersion = 10.2;
						TestTargetID = 7B5C1D4D2264BD4D00AF5E3D;
					};
				};
			};
			buildConfigurationList = 7B5C1D492264BD4D00AF5E3D /* Build configuration list for PBXProject "Equaleyes" */;
			compatibilityVersion = "Xcode 9.3";
			developmentRegion = en;
			hasScannedForEncodings = 0;
			knownRegions = (
				en,
				Base,
				fr,
			);
			mainGroup = 7B5C1D452264BD4D00AF5E3D;
			productRefGroup = 7B5C1D4F2264BD4D00AF5E3D /* Products */;
			projectDirPath = "";
			projectRoot = "";
			targets = (
				7B5C1D4D2264BD4D00AF5E3D /* Equaleyes */,
				7BDCBB51226720F5009CA101 /* Equaleyes Dev */,
				7B5C1D612264BD4F00AF5E3D /* EqualeyesTests */,
			);
		};
/* End PBXProject section */

/* Begin PBXResourcesBuildPhase section */
		7B5C1D4C2264BD4D00AF5E3D /* Resources */ = {
			isa = PBXResourcesBuildPhase;
			buildActionMask = 2147483647;
			files = (
				7B8DBF972267314500E5302E /* Localizable.strings in Resources */,
				7B5C1D5C2264BD4F00AF5E3D /* LaunchScreen.storyboard in Resources */,
				7B5C1D592264BD4F00AF5E3D /* Assets.xcassets in Resources */,
				7B5C1D572264BD4D00AF5E3D /* Main.storyboard in Resources */,
			);
			runOnlyForDeploymentPostprocessing = 0;
		};
		7B5C1D602264BD4F00AF5E3D /* Resources */ = {
			isa = PBXResourcesBuildPhase;
			buildActionMask = 2147483647;
			files = (
			);
			runOnlyForDeploymentPostprocessing = 0;
		};
		7BDCBB5E226720F5009CA101 /* Resources */ = {
			isa = PBXResourcesBuildPhase;
			buildActionMask = 2147483647;
			files = (
				7B8DBF982267314500E5302E /* Localizable.strings in Resources */,
				7BDCBB5F226720F5009CA101 /* LaunchScreen.storyboard in Resources */,
				7BDCBB60226720F5009CA101 /* Assets.xcassets in Resources */,
				7BDCBB62226720F5009CA101 /* Main.storyboard in Resources */,
			);
			runOnlyForDeploymentPostprocessing = 0;
		};
/* End PBXResourcesBuildPhase section */

/* Begin PBXShellScriptBuildPhase section */
		7BDCBB52226720F5009CA101 /* [CP] Check Pods Manifest.lock */ = {
			isa = PBXShellScriptBuildPhase;
			buildActionMask = 2147483647;
			files = (
			);
			inputFileListPaths = (
			);
			inputPaths = (
				"${PODS_PODFILE_DIR_PATH}/Podfile.lock",
				"${PODS_ROOT}/Manifest.lock",
			);
			name = "[CP] Check Pods Manifest.lock";
			outputFileListPaths = (
			);
			outputPaths = (
				"$(DERIVED_FILE_DIR)/Pods-Equaleyes-checkManifestLockResult.txt",
			);
			runOnlyForDeploymentPostprocessing = 0;
			shellPath = /bin/sh;
			shellScript = "diff \"${PODS_PODFILE_DIR_PATH}/Podfile.lock\" \"${PODS_ROOT}/Manifest.lock\" > /dev/null\nif [ $? != 0 ] ; then\n    # print error to STDERR\n    echo \"error: The sandbox is not in sync with the Podfile.lock. Run 'pod install' or update your CocoaPods installation.\" >&2\n    exit 1\nfi\n# This output is used by Xcode 'outputs' to avoid re-running this script phase.\necho \"SUCCESS\" > \"${SCRIPT_OUTPUT_FILE_0}\"\n";
			showEnvVarsInLog = 0;
		};
		7BDCBB63226720F5009CA101 /* [CP] Embed Pods Frameworks */ = {
			isa = PBXShellScriptBuildPhase;
			buildActionMask = 2147483647;
			files = (
			);
			inputFileListPaths = (
			);
			inputPaths = (
				"${PODS_ROOT}/Target Support Files/Pods-Equaleyes/Pods-Equaleyes-frameworks.sh",
				"${BUILT_PRODUCTS_DIR}/Alamofire/Alamofire.framework",
				"${BUILT_PRODUCTS_DIR}/Kingfisher/Kingfisher.framework",
			);
			name = "[CP] Embed Pods Frameworks";
			outputFileListPaths = (
			);
			outputPaths = (
				"${TARGET_BUILD_DIR}/${FRAMEWORKS_FOLDER_PATH}/Alamofire.framework",
				"${TARGET_BUILD_DIR}/${FRAMEWORKS_FOLDER_PATH}/Kingfisher.framework",
			);
			runOnlyForDeploymentPostprocessing = 0;
			shellPath = /bin/sh;
			shellScript = "\"${PODS_ROOT}/Target Support Files/Pods-Equaleyes/Pods-Equaleyes-frameworks.sh\"\n";
			showEnvVarsInLog = 0;
		};
		A3DE1A8BC06E8B332FB52227 /* [CP] Embed Pods Frameworks */ = {
			isa = PBXShellScriptBuildPhase;
			buildActionMask = 2147483647;
			files = (
			);
			inputFileListPaths = (
			);
			inputPaths = (
				"${PODS_ROOT}/Target Support Files/Pods-Equaleyes/Pods-Equaleyes-frameworks.sh",
				"${BUILT_PRODUCTS_DIR}/Alamofire/Alamofire.framework",
				"${BUILT_PRODUCTS_DIR}/Kingfisher/Kingfisher.framework",
			);
			name = "[CP] Embed Pods Frameworks";
			outputFileListPaths = (
			);
			outputPaths = (
				"${TARGET_BUILD_DIR}/${FRAMEWORKS_FOLDER_PATH}/Alamofire.framework",
				"${TARGET_BUILD_DIR}/${FRAMEWORKS_FOLDER_PATH}/Kingfisher.framework",
			);
			runOnlyForDeploymentPostprocessing = 0;
			shellPath = /bin/sh;
			shellScript = "\"${PODS_ROOT}/Target Support Files/Pods-Equaleyes/Pods-Equaleyes-frameworks.sh\"\n";
			showEnvVarsInLog = 0;
		};
		EF3F80B084C50B6EE7FDE63A /* [CP] Check Pods Manifest.lock */ = {
			isa = PBXShellScriptBuildPhase;
			buildActionMask = 2147483647;
			files = (
			);
			inputFileListPaths = (
			);
			inputPaths = (
				"${PODS_PODFILE_DIR_PATH}/Podfile.lock",
				"${PODS_ROOT}/Manifest.lock",
			);
			name = "[CP] Check Pods Manifest.lock";
			outputFileListPaths = (
			);
			outputPaths = (
				"$(DERIVED_FILE_DIR)/Pods-Equaleyes-checkManifestLockResult.txt",
			);
			runOnlyForDeploymentPostprocessing = 0;
			shellPath = /bin/sh;
			shellScript = "diff \"${PODS_PODFILE_DIR_PATH}/Podfile.lock\" \"${PODS_ROOT}/Manifest.lock\" > /dev/null\nif [ $? != 0 ] ; then\n    # print error to STDERR\n    echo \"error: The sandbox is not in sync with the Podfile.lock. Run 'pod install' or update your CocoaPods installation.\" >&2\n    exit 1\nfi\n# This output is used by Xcode 'outputs' to avoid re-running this script phase.\necho \"SUCCESS\" > \"${SCRIPT_OUTPUT_FILE_0}\"\n";
			showEnvVarsInLog = 0;
		};
		F6B8E908E193F17572C64477 /* [CP] Check Pods Manifest.lock */ = {
			isa = PBXShellScriptBuildPhase;
			buildActionMask = 2147483647;
			files = (
			);
			inputFileListPaths = (
			);
			inputPaths = (
				"${PODS_PODFILE_DIR_PATH}/Podfile.lock",
				"${PODS_ROOT}/Manifest.lock",
			);
			name = "[CP] Check Pods Manifest.lock";
			outputFileListPaths = (
			);
			outputPaths = (
				"$(DERIVED_FILE_DIR)/Pods-EqualeyesTests-checkManifestLockResult.txt",
			);
			runOnlyForDeploymentPostprocessing = 0;
			shellPath = /bin/sh;
			shellScript = "diff \"${PODS_PODFILE_DIR_PATH}/Podfile.lock\" \"${PODS_ROOT}/Manifest.lock\" > /dev/null\nif [ $? != 0 ] ; then\n    # print error to STDERR\n    echo \"error: The sandbox is not in sync with the Podfile.lock. Run 'pod install' or update your CocoaPods installation.\" >&2\n    exit 1\nfi\n# This output is used by Xcode 'outputs' to avoid re-running this script phase.\necho \"SUCCESS\" > \"${SCRIPT_OUTPUT_FILE_0}\"\n";
			showEnvVarsInLog = 0;
		};
/* End PBXShellScriptBuildPhase section */

/* Begin PBXSourcesBuildPhase section */
		7B5C1D4A2264BD4D00AF5E3D /* Sources */ = {
			isa = PBXSourcesBuildPhase;
			buildActionMask = 2147483647;
			files = (
				7BA71098226A811F004CB181 /* Fonts.swift in Sources */,
				7B64ED6722694EAC00CEE22D /* TeacherCell.swift in Sources */,
				7B5C1D922265411E00AF5E3D /* Structs.swift in Sources */,
				7B5C1D522264BD4D00AF5E3D /* AppDelegate.swift in Sources */,
				7BB34685226A3C5400C9B814 /* StudentsCollectionViewController.swift in Sources */,
				7BB34683226A3B0200C9B814 /* StudentCell.swift in Sources */,
				7B5C1D882264CF0200AF5E3D /* TeachersCollectionViewController.swift in Sources */,
				7B5C1D962266053600AF5E3D /* DetailsViewController.swift in Sources */,
				7B64ED5322694B9100CEE22D /* BaseCollectionViewCell.swift in Sources */,
				7B5C1D942265E48900AF5E3D /* Extensions.swift in Sources */,
				7B5C1D902265408000AF5E3D /* Services.swift in Sources */,
				7B5C1D8A2264E98700AF5E3D /* IBDesignables.swift in Sources */,
				7B64ED5E22694C1800CEE22D /* BaseCollectionViewController.swift in Sources */,
				7B808E1C2267B78500E2E061 /* Classes.swift in Sources */,
			);
			runOnlyForDeploymentPostprocessing = 0;
		};
		7B5C1D5E2264BD4F00AF5E3D /* Sources */ = {
			isa = PBXSourcesBuildPhase;
			buildActionMask = 2147483647;
			files = (
				7B8DBFA42267454600E5302E /* Tests.swift in Sources */,
			);
			runOnlyForDeploymentPostprocessing = 0;
		};
		7BDCBB53226720F5009CA101 /* Sources */ = {
			isa = PBXSourcesBuildPhase;
			buildActionMask = 2147483647;
			files = (
				7BDCBB54226720F5009CA101 /* Structs.swift in Sources */,
				7BDCBB55226720F5009CA101 /* AppDelegate.swift in Sources */,
				7BDCBB56226720F5009CA101 /* TeachersCollectionViewController.swift in Sources */,
				7BDCBB57226720F5009CA101 /* DetailsViewController.swift in Sources */,
				7BB35A55226A8F9800CEA9D9 /* Fonts.swift in Sources */,
				7B64ED6822694EAC00CEE22D /* TeacherCell.swift in Sources */,
				7BB35A56226A8FA800CEA9D9 /* StudentCell.swift in Sources */,
				7BDCBB58226720F5009CA101 /* Extensions.swift in Sources */,
				7B64ED5422694B9100CEE22D /* BaseCollectionViewCell.swift in Sources */,
				7BDCBB59226720F5009CA101 /* Services.swift in Sources */,
				7BB35A57226A8FAF00CEA9D9 /* StudentsCollectionViewController.swift in Sources */,
				7B64ED5F22694C1800CEE22D /* BaseCollectionViewController.swift in Sources */,
				7BDCBB5A226720F5009CA101 /* IBDesignables.swift in Sources */,
				7B808E1D2267E7E200E2E061 /* Classes.swift in Sources */,
			);
			runOnlyForDeploymentPostprocessing = 0;
		};
/* End PBXSourcesBuildPhase section */

/* Begin PBXTargetDependency section */
		7B5C1D642264BD4F00AF5E3D /* PBXTargetDependency */ = {
			isa = PBXTargetDependency;
			target = 7B5C1D4D2264BD4D00AF5E3D /* Equaleyes */;
			targetProxy = 7B5C1D632264BD4F00AF5E3D /* PBXContainerItemProxy */;
		};
		7B8DBFA8226745F600E5302E /* PBXTargetDependency */ = {
			isa = PBXTargetDependency;
			target = 7BDCBB51226720F5009CA101 /* Equaleyes Dev */;
			targetProxy = 7B8DBFA7226745F600E5302E /* PBXContainerItemProxy */;
		};
/* End PBXTargetDependency section */

/* Begin PBXVariantGroup section */
		7B5C1D552264BD4D00AF5E3D /* Main.storyboard */ = {
			isa = PBXVariantGroup;
			children = (
				7B5C1D562264BD4D00AF5E3D /* Base */,
				7B8DBF902267309F00E5302E /* fr */,
				7B8DBF93226730EA00E5302E /* en */,
			);
			name = Main.storyboard;
			sourceTree = "<group>";
		};
		7B5C1D5A2264BD4F00AF5E3D /* LaunchScreen.storyboard */ = {
			isa = PBXVariantGroup;
			children = (
				7B5C1D5B2264BD4F00AF5E3D /* Base */,
			);
			name = LaunchScreen.storyboard;
			sourceTree = "<group>";
		};
		7B8DBF9A2267314500E5302E /* Localizable.strings */ = {
			isa = PBXVariantGroup;
			children = (
				7B8DBF992267314500E5302E /* en */,
				7B8DBF9B2267314900E5302E /* fr */,
			);
			name = Localizable.strings;
			sourceTree = "<group>";
		};
/* End PBXVariantGroup section */

/* Begin XCBuildConfiguration section */
		7B5C1D692264BD4F00AF5E3D /* Debug */ = {
			isa = XCBuildConfiguration;
			buildSettings = {
				ALWAYS_SEARCH_USER_PATHS = NO;
				CLANG_ANALYZER_LOCALIZABILITY_NONLOCALIZED = YES;
				CLANG_ANALYZER_NONNULL = YES;
				CLANG_ANALYZER_NUMBER_OBJECT_CONVERSION = YES_AGGRESSIVE;
				CLANG_CXX_LANGUAGE_STANDARD = "gnu++14";
				CLANG_CXX_LIBRARY = "libc++";
				CLANG_ENABLE_MODULES = YES;
				CLANG_ENABLE_OBJC_ARC = YES;
				CLANG_ENABLE_OBJC_WEAK = YES;
				CLANG_WARN_BLOCK_CAPTURE_AUTORELEASING = YES;
				CLANG_WARN_BOOL_CONVERSION = YES;
				CLANG_WARN_COMMA = YES;
				CLANG_WARN_CONSTANT_CONVERSION = YES;
				CLANG_WARN_DEPRECATED_OBJC_IMPLEMENTATIONS = YES;
				CLANG_WARN_DIRECT_OBJC_ISA_USAGE = YES_ERROR;
				CLANG_WARN_DOCUMENTATION_COMMENTS = YES;
				CLANG_WARN_EMPTY_BODY = YES;
				CLANG_WARN_ENUM_CONVERSION = YES;
				CLANG_WARN_INFINITE_RECURSION = YES;
				CLANG_WARN_INT_CONVERSION = YES;
				CLANG_WARN_NON_LITERAL_NULL_CONVERSION = YES;
				CLANG_WARN_OBJC_IMPLICIT_RETAIN_SELF = YES;
				CLANG_WARN_OBJC_LITERAL_CONVERSION = YES;
				CLANG_WARN_OBJC_ROOT_CLASS = YES_ERROR;
				CLANG_WARN_RANGE_LOOP_ANALYSIS = YES;
				CLANG_WARN_STRICT_PROTOTYPES = YES;
				CLANG_WARN_SUSPICIOUS_MOVE = YES;
				CLANG_WARN_UNGUARDED_AVAILABILITY = YES_AGGRESSIVE;
				CLANG_WARN_UNREACHABLE_CODE = YES;
				CLANG_WARN__DUPLICATE_METHOD_MATCH = YES;
				CODE_SIGN_IDENTITY = "iPhone Developer";
				COPY_PHASE_STRIP = NO;
				DEBUG_INFORMATION_FORMAT = dwarf;
				ENABLE_STRICT_OBJC_MSGSEND = YES;
				ENABLE_TESTABILITY = YES;
				GCC_C_LANGUAGE_STANDARD = gnu11;
				GCC_DYNAMIC_NO_PIC = NO;
				GCC_NO_COMMON_BLOCKS = YES;
				GCC_OPTIMIZATION_LEVEL = 0;
				GCC_PREPROCESSOR_DEFINITIONS = (
					"DEBUG=1",
					"$(inherited)",
				);
				GCC_WARN_64_TO_32_BIT_CONVERSION = YES;
				GCC_WARN_ABOUT_RETURN_TYPE = YES_ERROR;
				GCC_WARN_UNDECLARED_SELECTOR = YES;
				GCC_WARN_UNINITIALIZED_AUTOS = YES_AGGRESSIVE;
				GCC_WARN_UNUSED_FUNCTION = YES;
				GCC_WARN_UNUSED_VARIABLE = YES;
				IPHONEOS_DEPLOYMENT_TARGET = 12.2;
				MTL_ENABLE_DEBUG_INFO = INCLUDE_SOURCE;
				MTL_FAST_MATH = YES;
				ONLY_ACTIVE_ARCH = YES;
				SDKROOT = iphoneos;
				SWIFT_ACTIVE_COMPILATION_CONDITIONS = DEBUG;
				SWIFT_OPTIMIZATION_LEVEL = "-Onone";
			};
			name = Debug;
		};
		7B5C1D6A2264BD4F00AF5E3D /* Release */ = {
			isa = XCBuildConfiguration;
			buildSettings = {
				ALWAYS_SEARCH_USER_PATHS = NO;
				CLANG_ANALYZER_LOCALIZABILITY_NONLOCALIZED = YES;
				CLANG_ANALYZER_NONNULL = YES;
				CLANG_ANALYZER_NUMBER_OBJECT_CONVERSION = YES_AGGRESSIVE;
				CLANG_CXX_LANGUAGE_STANDARD = "gnu++14";
				CLANG_CXX_LIBRARY = "libc++";
				CLANG_ENABLE_MODULES = YES;
				CLANG_ENABLE_OBJC_ARC = YES;
				CLANG_ENABLE_OBJC_WEAK = YES;
				CLANG_WARN_BLOCK_CAPTURE_AUTORELEASING = YES;
				CLANG_WARN_BOOL_CONVERSION = YES;
				CLANG_WARN_COMMA = YES;
				CLANG_WARN_CONSTANT_CONVERSION = YES;
				CLANG_WARN_DEPRECATED_OBJC_IMPLEMENTATIONS = YES;
				CLANG_WARN_DIRECT_OBJC_ISA_USAGE = YES_ERROR;
				CLANG_WARN_DOCUMENTATION_COMMENTS = YES;
				CLANG_WARN_EMPTY_BODY = YES;
				CLANG_WARN_ENUM_CONVERSION = YES;
				CLANG_WARN_INFINITE_RECURSION = YES;
				CLANG_WARN_INT_CONVERSION = YES;
				CLANG_WARN_NON_LITERAL_NULL_CONVERSION = YES;
				CLANG_WARN_OBJC_IMPLICIT_RETAIN_SELF = YES;
				CLANG_WARN_OBJC_LITERAL_CONVERSION = YES;
				CLANG_WARN_OBJC_ROOT_CLASS = YES_ERROR;
				CLANG_WARN_RANGE_LOOP_ANALYSIS = YES;
				CLANG_WARN_STRICT_PROTOTYPES = YES;
				CLANG_WARN_SUSPICIOUS_MOVE = YES;
				CLANG_WARN_UNGUARDED_AVAILABILITY = YES_AGGRESSIVE;
				CLANG_WARN_UNREACHABLE_CODE = YES;
				CLANG_WARN__DUPLICATE_METHOD_MATCH = YES;
				CODE_SIGN_IDENTITY = "iPhone Developer";
				COPY_PHASE_STRIP = NO;
				DEBUG_INFORMATION_FORMAT = "dwarf-with-dsym";
				ENABLE_NS_ASSERTIONS = NO;
				ENABLE_STRICT_OBJC_MSGSEND = YES;
				GCC_C_LANGUAGE_STANDARD = gnu11;
				GCC_NO_COMMON_BLOCKS = YES;
				GCC_WARN_64_TO_32_BIT_CONVERSION = YES;
				GCC_WARN_ABOUT_RETURN_TYPE = YES_ERROR;
				GCC_WARN_UNDECLARED_SELECTOR = YES;
				GCC_WARN_UNINITIALIZED_AUTOS = YES_AGGRESSIVE;
				GCC_WARN_UNUSED_FUNCTION = YES;
				GCC_WARN_UNUSED_VARIABLE = YES;
				IPHONEOS_DEPLOYMENT_TARGET = 12.2;
				MTL_ENABLE_DEBUG_INFO = NO;
				MTL_FAST_MATH = YES;
				SDKROOT = iphoneos;
				SWIFT_COMPILATION_MODE = wholemodule;
				SWIFT_OPTIMIZATION_LEVEL = "-O";
				VALIDATE_PRODUCT = YES;
			};
			name = Release;
		};
		7B5C1D6C2264BD4F00AF5E3D /* Debug */ = {
			isa = XCBuildConfiguration;
			baseConfigurationReference = 9B002290E443B8E054E20329 /* Pods-Equaleyes.debug.xcconfig */;
			buildSettings = {
				ASSETCATALOG_COMPILER_APPICON_NAME = AppIcon;
				CODE_SIGN_STYLE = Automatic;
				DEVELOPMENT_TEAM = 4NM48V535H;
				INFOPLIST_FILE = Equaleyes/Info.plist;
				IPHONEOS_DEPLOYMENT_TARGET = 12.0;
				LD_RUNPATH_SEARCH_PATHS = (
					"$(inherited)",
					"@executable_path/Frameworks",
				);
				PRODUCT_BUNDLE_IDENTIFIER = me.mamedoff.Equaleyes;
				PRODUCT_NAME = "$(TARGET_NAME)";
				SWIFT_VERSION = 5.0;
				TARGETED_DEVICE_FAMILY = "1,2";
			};
			name = Debug;
		};
		7B5C1D6D2264BD4F00AF5E3D /* Release */ = {
			isa = XCBuildConfiguration;
			baseConfigurationReference = 4847D970F11CA70B3FF330B4 /* Pods-Equaleyes.release.xcconfig */;
			buildSettings = {
				ASSETCATALOG_COMPILER_APPICON_NAME = AppIcon;
				CODE_SIGN_STYLE = Automatic;
				DEVELOPMENT_TEAM = 4NM48V535H;
				INFOPLIST_FILE = Equaleyes/Info.plist;
				IPHONEOS_DEPLOYMENT_TARGET = 12.0;
				LD_RUNPATH_SEARCH_PATHS = (
					"$(inherited)",
					"@executable_path/Frameworks",
				);
				PRODUCT_BUNDLE_IDENTIFIER = me.mamedoff.Equaleyes;
				PRODUCT_NAME = "$(TARGET_NAME)";
				SWIFT_VERSION = 5.0;
				TARGETED_DEVICE_FAMILY = "1,2";
			};
			name = Release;
		};
		7B5C1D6F2264BD4F00AF5E3D /* Debug */ = {
			isa = XCBuildConfiguration;
			baseConfigurationReference = 334CFC37994F82C0BB7BCE2D /* Pods-EqualeyesTests.debug.xcconfig */;
			buildSettings = {
				ALWAYS_EMBED_SWIFT_STANDARD_LIBRARIES = YES;
				BUNDLE_LOADER = "$(TEST_HOST)";
				CODE_SIGN_STYLE = Automatic;
				DEVELOPMENT_TEAM = 4NM48V535H;
				INFOPLIST_FILE = EqualeyesTests/Info.plist;
				IPHONEOS_DEPLOYMENT_TARGET = 12.0;
				LD_RUNPATH_SEARCH_PATHS = (
					"$(inherited)",
					"@executable_path/Frameworks",
					"@loader_path/Frameworks",
				);
				PRODUCT_BUNDLE_IDENTIFIER = me.mamedoff.EqualeyesTests;
				PRODUCT_NAME = "$(TARGET_NAME)";
				SWIFT_VERSION = 5.0;
				TARGETED_DEVICE_FAMILY = "1,2";
				TEST_HOST = "$(BUILT_PRODUCTS_DIR)/Equaleyes.app/Equaleyes";
			};
			name = Debug;
		};
		7B5C1D702264BD4F00AF5E3D /* Release */ = {
			isa = XCBuildConfiguration;
			baseConfigurationReference = 20B8EE0745FE698FC370DF2E /* Pods-EqualeyesTests.release.xcconfig */;
			buildSettings = {
				ALWAYS_EMBED_SWIFT_STANDARD_LIBRARIES = YES;
				BUNDLE_LOADER = "$(TEST_HOST)";
				CODE_SIGN_STYLE = Automatic;
				DEVELOPMENT_TEAM = 4NM48V535H;
				INFOPLIST_FILE = EqualeyesTests/Info.plist;
				IPHONEOS_DEPLOYMENT_TARGET = 12.0;
				LD_RUNPATH_SEARCH_PATHS = (
					"$(inherited)",
					"@executable_path/Frameworks",
					"@loader_path/Frameworks",
				);
				PRODUCT_BUNDLE_IDENTIFIER = me.mamedoff.EqualeyesTests;
				PRODUCT_NAME = "$(TARGET_NAME)";
				SWIFT_VERSION = 5.0;
				TARGETED_DEVICE_FAMILY = "1,2";
				TEST_HOST = "$(BUILT_PRODUCTS_DIR)/Equaleyes.app/Equaleyes";
			};
			name = Release;
		};
		7BDCBB65226720F5009CA101 /* Debug */ = {
			isa = XCBuildConfiguration;
			baseConfigurationReference = 9B002290E443B8E054E20329 /* Pods-Equaleyes.debug.xcconfig */;
			buildSettings = {
				ASSETCATALOG_COMPILER_APPICON_NAME = "AppIcon Dev";
				CODE_SIGN_STYLE = Automatic;
				DEVELOPMENT_TEAM = 4NM48V535H;
				INFOPLIST_FILE = "Equaleyes/Info-Dev.plist";
				IPHONEOS_DEPLOYMENT_TARGET = 12.0;
				LD_RUNPATH_SEARCH_PATHS = (
					"$(inherited)",
					"@executable_path/Frameworks",
				);
				OTHER_SWIFT_FLAGS = "$(inherited) -D COCOAPODS -DDEVELOPMENT";
				PRODUCT_BUNDLE_IDENTIFIER = me.mamedoff.Equaleyes;
				PRODUCT_NAME = "$(TARGET_NAME)";
				SWIFT_VERSION = 5.0;
				TARGETED_DEVICE_FAMILY = "1,2";
			};
			name = Debug;
		};
		7BDCBB66226720F5009CA101 /* Release */ = {
			isa = XCBuildConfiguration;
			baseConfigurationReference = 4847D970F11CA70B3FF330B4 /* Pods-Equaleyes.release.xcconfig */;
			buildSettings = {
				ASSETCATALOG_COMPILER_APPICON_NAME = "AppIcon Dev";
				CODE_SIGN_STYLE = Automatic;
				DEVELOPMENT_TEAM = 4NM48V535H;
				INFOPLIST_FILE = "Equaleyes/Info-Dev.plist";
				IPHONEOS_DEPLOYMENT_TARGET = 12.0;
				LD_RUNPATH_SEARCH_PATHS = (
					"$(inherited)",
					"@executable_path/Frameworks",
				);
				OTHER_SWIFT_FLAGS = "$(inherited) -D COCOAPODS -DDEVELOPMENT";
				PRODUCT_BUNDLE_IDENTIFIER = me.mamedoff.Equaleyes;
				PRODUCT_NAME = "$(TARGET_NAME)";
				SWIFT_VERSION = 5.0;
				TARGETED_DEVICE_FAMILY = "1,2";
			};
			name = Release;
		};
/* End XCBuildConfiguration section */

/* Begin XCConfigurationList section */
		7B5C1D492264BD4D00AF5E3D /* Build configuration list for PBXProject "Equaleyes" */ = {
			isa = XCConfigurationList;
			buildConfigurations = (
				7B5C1D692264BD4F00AF5E3D /* Debug */,
				7B5C1D6A2264BD4F00AF5E3D /* Release */,
			);
			defaultConfigurationIsVisible = 0;
			defaultConfigurationName = Release;
		};
		7B5C1D6B2264BD4F00AF5E3D /* Build configuration list for PBXNativeTarget "Equaleyes" */ = {
			isa = XCConfigurationList;
			buildConfigurations = (
				7B5C1D6C2264BD4F00AF5E3D /* Debug */,
				7B5C1D6D2264BD4F00AF5E3D /* Release */,
			);
			defaultConfigurationIsVisible = 0;
			defaultConfigurationName = Release;
		};
		7B5C1D6E2264BD4F00AF5E3D /* Build configuration list for PBXNativeTarget "EqualeyesTests" */ = {
			isa = XCConfigurationList;
			buildConfigurations = (
				7B5C1D6F2264BD4F00AF5E3D /* Debug */,
				7B5C1D702264BD4F00AF5E3D /* Release */,
			);
			defaultConfigurationIsVisible = 0;
			defaultConfigurationName = Release;
		};
		7BDCBB64226720F5009CA101 /* Build configuration list for PBXNativeTarget "Equaleyes Dev" */ = {
			isa = XCConfigurationList;
			buildConfigurations = (
				7BDCBB65226720F5009CA101 /* Debug */,
				7BDCBB66226720F5009CA101 /* Release */,
			);
			defaultConfigurationIsVisible = 0;
			defaultConfigurationName = Release;
		};
/* End XCConfigurationList section */
	};
	rootObject = 7B5C1D462264BD4D00AF5E3D /* Project object */;
}
